// !$*UTF8*$!
{
	archiveVersion = 1;
	classes = {
	};
	objectVersion = 46;
	objects = {

/* Begin PBXBuildFile section */
		F733D67B1EE9325F001BA5CD /* PlayersViewController.swift in Sources */ = {isa = PBXBuildFile; fileRef = F733D67A1EE9325F001BA5CD /* PlayersViewController.swift */; };
		F733D67D1EE93345001BA5CD /* Player.swift in Sources */ = {isa = PBXBuildFile; fileRef = F733D67C1EE93345001BA5CD /* Player.swift */; };
		F733D67F1EE93404001BA5CD /* SampleData.swift in Sources */ = {isa = PBXBuildFile; fileRef = F733D67E1EE93404001BA5CD /* SampleData.swift */; };
		F76FCECD1EE7FBCE0019B551 /* AppDelegate.swift in Sources */ = {isa = PBXBuildFile; fileRef = F76FCECC1EE7FBCE0019B551 /* AppDelegate.swift */; };
		F76FCECF1EE7FBCE0019B551 /* ViewController.swift in Sources */ = {isa = PBXBuildFile; fileRef = F76FCECE1EE7FBCE0019B551 /* ViewController.swift */; };
		F76FCED21EE7FBCE0019B551 /* Main.storyboard in Resources */ = {isa = PBXBuildFile; fileRef = F76FCED01EE7FBCE0019B551 /* Main.storyboard */; };
		F76FCED41EE7FBCE0019B551 /* Assets.xcassets in Resources */ = {isa = PBXBuildFile; fileRef = F76FCED31EE7FBCE0019B551 /* Assets.xcassets */; };
		F76FCED71EE7FBCE0019B551 /* LaunchScreen.storyboard in Resources */ = {isa = PBXBuildFile; fileRef = F76FCED51EE7FBCE0019B551 /* LaunchScreen.storyboard */; };
		F7C1E65F1EEA9586009B2B25 /* PlayerCell.swift in Sources */ = {isa = PBXBuildFile; fileRef = F7C1E65E1EEA9586009B2B25 /* PlayerCell.swift */; };
		F7C51D671EF27C680091A2DD /* PlayerDetailsViewController.swift in Sources */ = {isa = PBXBuildFile; fileRef = F7C51D661EF27C680091A2DD /* PlayerDetailsViewController.swift */; };
/* End PBXBuildFile section */

/* Begin PBXFileReference section */
		F733D67A1EE9325F001BA5CD /* PlayersViewController.swift */ = {isa = PBXFileReference; fileEncoding = 4; lastKnownFileType = sourcecode.swift; path = PlayersViewController.swift; sourceTree = "<group>"; };
		F733D67C1EE93345001BA5CD /* Player.swift */ = {isa = PBXFileReference; fileEncoding = 4; lastKnownFileType = sourcecode.swift; path = Player.swift; sourceTree = "<group>"; };
		F733D67E1EE93404001BA5CD /* SampleData.swift */ = {isa = PBXFileReference; fileEncoding = 4; lastKnownFileType = sourcecode.swift; path = SampleData.swift; sourceTree = "<group>"; };
		F76FCEC91EE7FBCE0019B551 /* Ratings.app */ = {isa = PBXFileReference; explicitFileType = wrapper.application; includeInIndex = 0; path = Ratings.app; sourceTree = BUILT_PRODUCTS_DIR; };
		F76FCECC1EE7FBCE0019B551 /* AppDelegate.swift */ = {isa = PBXFileReference; lastKnownFileType = sourcecode.swift; path = AppDelegate.swift; sourceTree = "<group>"; };
		F76FCECE1EE7FBCE0019B551 /* ViewController.swift */ = {isa = PBXFileReference; lastKnownFileType = sourcecode.swift; path = ViewController.swift; sourceTree = "<group>"; };
		F76FCED11EE7FBCE0019B551 /* Base */ = {isa = PBXFileReference; lastKnownFileType = file.storyboard; name = Base; path = Base.lproj/Main.storyboard; sourceTree = "<group>"; };
		F76FCED31EE7FBCE0019B551 /* Assets.xcassets */ = {isa = PBXFileReference; lastKnownFileType = folder.assetcatalog; path = Assets.xcassets; sourceTree = "<group>"; };
		F76FCED61EE7FBCE0019B551 /* Base */ = {isa = PBXFileReference; lastKnownFileType = file.storyboard; name = Base; path = Base.lproj/LaunchScreen.storyboard; sourceTree = "<group>"; };
		F76FCED81EE7FBCE0019B551 /* Info.plist */ = {isa = PBXFileReference; lastKnownFileType = text.plist.xml; path = Info.plist; sourceTree = "<group>"; };
		F7C1E65E1EEA9586009B2B25 /* PlayerCell.swift */ = {isa = PBXFileReference; fileEncoding = 4; lastKnownFileType = sourcecode.swift; path = PlayerCell.swift; sourceTree = "<group>"; };
		F7C51D661EF27C680091A2DD /* PlayerDetailsViewController.swift */ = {isa = PBXFileReference; fileEncoding = 4; lastKnownFileType = sourcecode.swift; path = PlayerDetailsViewController.swift; sourceTree = "<group>"; };
/* End PBXFileReference section */

/* Begin PBXFrameworksBuildPhase section */
		F76FCEC61EE7FBCE0019B551 /* Frameworks */ = {
			isa = PBXFrameworksBuildPhase;
			buildActionMask = 2147483647;
			files = (
			);
			runOnlyForDeploymentPostprocessing = 0;
		};
/* End PBXFrameworksBuildPhase section */

/* Begin PBXGroup section */
		F76FCEC01EE7FBCE0019B551 = {
			isa = PBXGroup;
			children = (
				F76FCECB1EE7FBCE0019B551 /* Ratings */,
				F76FCECA1EE7FBCE0019B551 /* Products */,
			);
			sourceTree = "<group>";
		};
		F76FCECA1EE7FBCE0019B551 /* Products */ = {
			isa = PBXGroup;
			children = (
				F76FCEC91EE7FBCE0019B551 /* Ratings.app */,
			);
			name = Products;
			sourceTree = "<group>";
		};
		F76FCECB1EE7FBCE0019B551 /* Ratings */ = {
			isa = PBXGroup;
			children = (
				F76FCECC1EE7FBCE0019B551 /* AppDelegate.swift */,
				F76FCECE1EE7FBCE0019B551 /* ViewController.swift */,
				F76FCED01EE7FBCE0019B551 /* Main.storyboard */,
				F7C1E65E1EEA9586009B2B25 /* PlayerCell.swift */,
				F76FCED31EE7FBCE0019B551 /* Assets.xcassets */,
				F76FCED51EE7FBCE0019B551 /* LaunchScreen.storyboard */,
				F76FCED81EE7FBCE0019B551 /* Info.plist */,
				F733D67A1EE9325F001BA5CD /* PlayersViewController.swift */,
				F7C51D661EF27C680091A2DD /* PlayerDetailsViewController.swift */,
				F733D67C1EE93345001BA5CD /* Player.swift */,
				F733D67E1EE93404001BA5CD /* SampleData.swift */,
			);
			path = Ratings;
			sourceTree = "<group>";
		};
/* End PBXGroup section */

/* Begin PBXNativeTarget section */
		F76FCEC81EE7FBCE0019B551 /* Ratings */ = {
			isa = PBXNativeTarget;
			buildConfigurationList = F76FCEDB1EE7FBCE0019B551 /* Build configuration list for PBXNativeTarget "Ratings" */;
			buildPhases = (
				F76FCEC51EE7FBCE0019B551 /* Sources */,
				F76FCEC61EE7FBCE0019B551 /* Frameworks */,
				F76FCEC71EE7FBCE0019B551 /* Resources */,
			);
			buildRules = (
			);
			dependencies = (
			);
			name = Ratings;
			productName = Ratings;
			productReference = F76FCEC91EE7FBCE0019B551 /* Ratings.app */;
			productType = "com.apple.product-type.application";
		};
/* End PBXNativeTarget section */

/* Begin PBXProject section */
		F76FCEC11EE7FBCE0019B551 /* Project object */ = {
			isa = PBXProject;
			attributes = {
				LastSwiftUpdateCheck = 0830;
				LastUpgradeCheck = 0830;
				ORGANIZATIONNAME = organizer;
				TargetAttributes = {
					F76FCEC81EE7FBCE0019B551 = {
						CreatedOnToolsVersion = 8.3.3;
						DevelopmentTeam = 57D4T2G5AY;
						ProvisioningStyle = Automatic;
					};
				};
			};
			buildConfigurationList = F76FCEC41EE7FBCE0019B551 /* Build configuration list for PBXProject "Ratings" */;
			compatibilityVersion = "Xcode 3.2";
			developmentRegion = English;
			hasScannedForEncodings = 0;
			knownRegions = (
				en,
				Base,
			);
			mainGroup = F76FCEC01EE7FBCE0019B551;
			productRefGroup = F76FCECA1EE7FBCE0019B551 /* Products */;
			projectDirPath = "";
			projectRoot = "";
			targets = (
				F76FCEC81EE7FBCE0019B551 /* Ratings */,
			);
		};
/* End PBXProject section */

/* Begin PBXResourcesBuildPhase section */
		F76FCEC71EE7FBCE0019B551 /* Resources */ = {
			isa = PBXResourcesBuildPhase;
			buildActionMask = 2147483647;
			files = (
				F76FCED71EE7FBCE0019B551 /* LaunchScreen.storyboard in Resources */,
				F76FCED41EE7FBCE0019B551 /* Assets.xcassets in Resources */,
				F76FCED21EE7FBCE0019B551 /* Main.storyboard in Resources */,
			);
			runOnlyForDeploymentPostprocessing = 0;
		};
/* End PBXResourcesBuildPhase section */

/* Begin PBXSourcesBuildPhase section */
		F76FCEC51EE7FBCE0019B551 /* Sources */ = {
			isa = PBXSourcesBuildPhase;
			buildActionMask = 2147483647;
			files = (
				F7C1E65F1EEA9586009B2B25 /* PlayerCell.swift in Sources */,
				F733D67D1EE93345001BA5CD /* Player.swift in Sources */,
				F76FCECF1EE7FBCE0019B551 /* ViewController.swift in Sources */,
				F7C51D671EF27C680091A2DD /* PlayerDetailsViewController.swift in Sources */,
				F76FCECD1EE7FBCE0019B551 /* AppDelegate.swift in Sources */,
				F733D67F1EE93404001BA5CD /* SampleData.swift in Sources */,
				F733D67B1EE9325F001BA5CD /* PlayersViewController.swift in Sources */,
			);
			runOnlyForDeploymentPostprocessing = 0;
		};
/* End PBXSourcesBuildPhase section */

/* Begin PBXVariantGroup section */
		F76FCED01EE7FBCE0019B551 /* Main.storyboard */ = {
			isa = PBXVariantGroup;
			children = (
				F76FCED11EE7FBCE0019B551 /* Base */,
			);
			name = Main.storyboard;
			sourceTree = "<group>";
		};
		F76FCED51EE7FBCE0019B551 /* LaunchScreen.storyboard */ = {
			isa = PBXVariantGroup;
			children = (
				F76FCED61EE7FBCE0019B551 /* Base */,
			);
			name = LaunchScreen.storyboard;
			sourceTree = "<group>";
		};
/* End PBXVariantGroup section */

/* Begin XCBuildConfiguration section */
		F76FCED91EE7FBCE0019B551 /* Debug */ = {
			isa = XCBuildConfiguration;
			buildSettings = {
				ALWAYS_SEARCH_USER_PATHS = NO;
				CLANG_ANALYZER_NONNULL = YES;
				CLANG_ANALYZER_NUMBER_OBJECT_CONVERSION = YES_AGGRESSIVE;
				CLANG_CXX_LANGUAGE_STANDARD = "gnu++0x";
				CLANG_CXX_LIBRARY = "libc++";
				CLANG_ENABLE_MODULES = YES;
				CLANG_ENABLE_OBJC_ARC = YES;
				CLANG_WARN_BOOL_CONVERSION = YES;
				CLANG_WARN_CONSTANT_CONVERSION = YES;
				CLANG_WARN_DIRECT_OBJC_ISA_USAGE = YES_ERROR;
				CLANG_WARN_DOCUMENTATION_COMMENTS = YES;
				CLANG_WARN_EMPTY_BODY = YES;
				CLANG_WARN_ENUM_CONVERSION = YES;
				CLANG_WARN_INFINITE_RECURSION = YES;
				CLANG_WARN_INT_CONVERSION = YES;
				CLANG_WARN_OBJC_ROOT_CLASS = YES_ERROR;
				CLANG_WARN_SUSPICIOUS_MOVE = YES;
				CLANG_WARN_UNREACHABLE_CODE = YES;
				CLANG_WARN__DUPLICATE_METHOD_MATCH = YES;
				"CODE_SIGN_IDENTITY[sdk=iphoneos*]" = "iPhone Developer";
				COPY_PHASE_STRIP = NO;
				DEBUG_INFORMATION_FORMAT = dwarf;
				ENABLE_STRICT_OBJC_MSGSEND = YES;
				ENABLE_TESTABILITY = YES;
				GCC_C_LANGUAGE_STANDARD = gnu99;
				GCC_DYNAMIC_NO_PIC = NO;
				GCC_NO_COMMON_BLOCKS = YES;
				GCC_OPTIMIZATION_LEVEL = 0;
				GCC_PREPROCESSOR_DEFINITIONS = (
					"DEBUG=1",
					"$(inherited)",
				);
				GCC_WARN_64_TO_32_BIT_CONVERSION = YES;
				GCC_WARN_ABOUT_RETURN_TYPE = YES_ERROR;
				GCC_WARN_UNDECLARED_SELECTOR = YES;
				GCC_WARN_UNINITIALIZED_AUTOS = YES_AGGRESSIVE;
				GCC_WARN_UNUSED_FUNCTION = YES;
				GCC_WARN_UNUSED_VARIABLE = YES;
				IPHONEOS_DEPLOYMENT_TARGET = 10.3;
				MTL_ENABLE_DEBUG_INFO = YES;
				ONLY_ACTIVE_ARCH = YES;
				SDKROOT = iphoneos;
				SWIFT_ACTIVE_COMPILATION_CONDITIONS = DEBUG;
				SWIFT_OPTIMIZATION_LEVEL = "-Onone";
			};
			name = Debug;
		};
		F76FCEDA1EE7FBCE0019B551 /* Release */ = {
			isa = XCBuildConfiguration;
			buildSettings = {
				ALWAYS_SEARCH_USER_PATHS = NO;
				CLANG_ANALYZER_NONNULL = YES;
				CLANG_ANALYZER_NUMBER_OBJECT_CONVERSION = YES_AGGRESSIVE;
				CLANG_CXX_LANGUAGE_STANDARD = "gnu++0x";
				CLANG_CXX_LIBRARY = "libc++";
				CLANG_ENABLE_MODULES = YES;
				CLANG_ENABLE_OBJC_ARC = YES;
				CLANG_WARN_BOOL_CONVERSION = YES;
				CLANG_WARN_CONSTANT_CONVERSION = YES;
				CLANG_WARN_DIRECT_OBJC_ISA_USAGE = YES_ERROR;
				CLANG_WARN_DOCUMENTATION_COMMENTS = YES;
				CLANG_WARN_EMPTY_BODY = YES;
				CLANG_WARN_ENUM_CONVERSION = YES;
				CLANG_WARN_INFINITE_RECURSION = YES;
				CLANG_WARN_INT_CONVERSION = YES;
				CLANG_WARN_OBJC_ROOT_CLASS = YES_ERROR;
				CLANG_WARN_SUSPICIOUS_MOVE = YES;
				CLANG_WARN_UNREACHABLE_CODE = YES;
				CLANG_WARN__DUPLICATE_METHOD_MATCH = YES;
				"CODE_SIGN_IDENTITY[sdk=iphoneos*]" = "iPhone Developer";
				COPY_PHASE_STRIP = NO;
				DEBUG_INFORMATION_FORMAT = "dwarf-with-dsym";
				ENABLE_NS_ASSERTIONS = NO;
				ENABLE_STRICT_OBJC_MSGSEND = YES;
				GCC_C_LANGUAGE_STANDARD = gnu99;
				GCC_NO_COMMON_BLOCKS = YES;
				GCC_WARN_64_TO_32_BIT_CONVERSION = YES;
				GCC_WARN_ABOUT_RETURN_TYPE = YES_ERROR;
				GCC_WARN_UNDECLARED_SELECTOR = YES;
				GCC_WARN_UNINITIALIZED_AUTOS = YES_AGGRESSIVE;
				GCC_WARN_UNUSED_FUNCTION = YES;
				GCC_WARN_UNUSED_VARIABLE = YES;
				IPHONEOS_DEPLOYMENT_TARGET = 10.3;
				MTL_ENABLE_DEBUG_INFO = NO;
				SDKROOT = iphoneos;
				SWIFT_OPTIMIZATION_LEVEL = "-Owholemodule";
				VALIDATE_PRODUCT = YES;
			};
			name = Release;
		};
		F76FCEDC1EE7FBCE0019B551 /* Debug */ = {
			isa = XCBuildConfiguration;
			buildSettings = {
				ASSETCATALOG_COMPILER_APPICON_NAME = AppIcon;
				DEVELOPMENT_TEAM = 57D4T2G5AY;
				INFOPLIST_FILE = Ratings/Info.plist;
				LD_RUNPATH_SEARCH_PATHS = "$(inherited) @executable_path/Frameworks";
				PRODUCT_BUNDLE_IDENTIFIER = com.cainiao.test20170526.Ratings;
				PRODUCT_NAME = "$(TARGET_NAME)";
				SWIFT_VERSION = 3.0;
			};
			name = Debug;
		};
		F76FCEDD1EE7FBCE0019B551 /* Release */ = {
			isa = XCBuildConfiguration;
			buildSettings = {
				ASSETCATALOG_COMPILER_APPICON_NAME = AppIcon;
				DEVELOPMENT_TEAM = 57D4T2G5AY;
				INFOPLIST_FILE = Ratings/Info.plist;
				LD_RUNPATH_SEARCH_PATHS = "$(inherited) @executable_path/Frameworks";
				PRODUCT_BUNDLE_IDENTIFIER = com.cainiao.test20170526.Ratings;
				PRODUCT_NAME = "$(TARGET_NAME)";
				SWIFT_VERSION = 3.0;
			};
			name = Release;
		};
/* End XCBuildConfiguration section */

/* Begin XCConfigurationList section */
		F76FCEC41EE7FBCE0019B551 /* Build configuration list for PBXProject "Ratings" */ = {
			isa = XCConfigurationList;
			buildConfigurations = (
				F76FCED91EE7FBCE0019B551 /* Debug */,
				F76FCEDA1EE7FBCE0019B551 /* Release */,
			);
			defaultConfigurationIsVisible = 0;
			defaultConfigurationName = Release;
		};
		F76FCEDB1EE7FBCE0019B551 /* Build configuration list for PBXNativeTarget "Ratings" */ = {
			isa = XCConfigurationList;
			buildConfigurations = (
				F76FCEDC1EE7FBCE0019B551 /* Debug */,
				F76FCEDD1EE7FBCE0019B551 /* Release */,
			);
			defaultConfigurationIsVisible = 0;
			defaultConfigurationName = Release;
		};
/* End XCConfigurationList section */
	};
	rootObject = F76FCEC11EE7FBCE0019B551 /* Project object */;
}
